
Microsoft Visual Studio Solution File, Format Version 12.00
# Visual Studio Version 17
VisualStudioVersion = 17.0.32014.148
MinimumVisualStudioVersion = 10.0.40219.1
Project("{FAE04EC0-301F-11D3-BF4B-00C04F79EFBC}") = "Problem32-ProjectEuler", "Problem32-ProjectEuler\Problem32-ProjectEuler.csproj", "{4AB3CF50-8F14-4C01-866E-06D9EE5E575E}"
EndProject
Global
	GlobalSection(SolutionConfigurationPlatforms) = preSolution
		Debug|Any CPU = Debug|Any CPU
		Release|Any CPU = Release|Any CPU
	EndGlobalSection
	GlobalSection(ProjectConfigurationPlatforms) = postSolution
		{4AB3CF50-8F14-4C01-866E-06D9EE5E575E}.Debug|Any CPU.ActiveCfg = Debug|Any CPU
		{4AB3CF50-8F14-4C01-866E-06D9EE5E575E}.Debug|Any CPU.Build.0 = Debug|Any CPU
		{4AB3CF50-8F14-4C01-866E-06D9EE5E575E}.Release|Any CPU.ActiveCfg = Release|Any CPU
		{4AB3CF50-8F14-4C01-866E-06D9EE5E575E}.Release|Any CPU.Build.0 = Release|Any CPU
	EndGlobalSection
	GlobalSection(SolutionProperties) = preSolution
		HideSolutionNode = FALSE
	EndGlobalSection
	GlobalSection(ExtensibilityGlobals) = postSolution
		SolutionGuid = {6B98F76C-D981-4A0C-967C-F52BB02F15B4}
	EndGlobalSection
EndGlobal
